
Microsoft Visual Studio Solution File, Format Version 12.00
# Visual Studio Version 16
VisualStudioVersion = 16.0.30413.136
MinimumVisualStudioVersion = 10.0.40219.1
Project("{8BC9CEB8-8B4A-11D0-8D11-00A0C91BC942}") = "2222", "2222.vcxproj", "{A39C76E9-82EB-4653-AC0F-7A66C8B2896E}"
EndProject
Global
	GlobalSection(SolutionConfigurationPlatforms) = preSolution
		Debug|x64 = Debug|x64
		Debug|x86 = Debug|x86
		Release|x64 = Release|x64
		Release|x86 = Release|x86
	EndGlobalSection
	GlobalSection(ProjectConfigurationPlatforms) = postSolution
		{A39C76E9-82EB-4653-AC0F-7A66C8B2896E}.Debug|x64.ActiveCfg = Debug|x64
		{A39C76E9-82EB-4653-AC0F-7A66C8B2896E}.Debug|x64.Build.0 = Debug|x64
		{A39C76E9-82EB-4653-AC0F-7A66C8B2896E}.Debug|x86.ActiveCfg = Debug|Win32
		{A39C76E9-82EB-4653-AC0F-7A66C8B2896E}.Debug|x86.Build.0 = Debug|Win32
		{A39C76E9-82EB-4653-AC0F-7A66C8B2896E}.Release|x64.ActiveCfg = Release|x64
		{A39C76E9-82EB-4653-AC0F-7A66C8B2896E}.Release|x64.Build.0 = Release|x64
		{A39C76E9-82EB-4653-AC0F-7A66C8B2896E}.Release|x86.ActiveCfg = Release|Win32
		{A39C76E9-82EB-4653-AC0F-7A66C8B2896E}.Release|x86.Build.0 = Release|Win32
	EndGlobalSection
	GlobalSection(SolutionProperties) = preSolution
		HideSolutionNode = FALSE
	EndGlobalSection
	GlobalSection(ExtensibilityGlobals) = postSolution
		SolutionGuid = {430C9284-70F8-4C2E-B227-A0279F8B5CDE}
	EndGlobalSection
EndGlobal
