
Microsoft Visual Studio Solution File, Format Version 12.00
# Visual Studio Version 16
VisualStudioVersion = 16.0.30413.136
MinimumVisualStudioVersion = 10.0.40219.1
Project("{FAE04EC0-301F-11D3-BF4B-00C04F79EFBC}") = "20173.05039신동민", "20173.05039신동민.csproj", "{07692517-4836-4907-9E7B-0E2ECC3F80D2}"
EndProject
Global
	GlobalSection(SolutionConfigurationPlatforms) = preSolution
		Debug|Any CPU = Debug|Any CPU
		Release|Any CPU = Release|Any CPU
	EndGlobalSection
	GlobalSection(ProjectConfigurationPlatforms) = postSolution
		{07692517-4836-4907-9E7B-0E2ECC3F80D2}.Debug|Any CPU.ActiveCfg = Debug|Any CPU
		{07692517-4836-4907-9E7B-0E2ECC3F80D2}.Debug|Any CPU.Build.0 = Debug|Any CPU
		{07692517-4836-4907-9E7B-0E2ECC3F80D2}.Release|Any CPU.ActiveCfg = Release|Any CPU
		{07692517-4836-4907-9E7B-0E2ECC3F80D2}.Release|Any CPU.Build.0 = Release|Any CPU
	EndGlobalSection
	GlobalSection(SolutionProperties) = preSolution
		HideSolutionNode = FALSE
	EndGlobalSection
	GlobalSection(ExtensibilityGlobals) = postSolution
		SolutionGuid = {AF01BAA2-507D-4114-AD92-E94E9F1DEFE5}
	EndGlobalSection
EndGlobal
